
Microsoft Visual Studio Solution File, Format Version 12.00
# Visual Studio Version 17
VisualStudioVersion = 17.5.33516.290
MinimumVisualStudioVersion = 10.0.40219.1
Project("{8BC9CEB8-8B4A-11D0-8D11-00A0C91BC942}") = "1-3", "1-3\1-3.vcxproj", "{E6E220FD-98B8-40ED-AD75-AE062E8E8C48}"
EndProject
Project("{8BC9CEB8-8B4A-11D0-8D11-00A0C91BC942}") = "1-3-1", "1-3-1\1-3-1.vcxproj", "{8DCF83D2-8682-4522-953D-ED4F21CEC9D4}"
EndProject
Project("{8BC9CEB8-8B4A-11D0-8D11-00A0C91BC942}") = "1-3-2", "1-3-2\1-3-2.vcxproj", "{9912F3A6-B1D0-4A6A-A6CB-A297B37409B7}"
EndProject
Project("{8BC9CEB8-8B4A-11D0-8D11-00A0C91BC942}") = "1-3-3", "1-3-3\1-3-3.vcxproj", "{2A50CD66-B74D-4D24-843F-6E626F61D38D}"
EndProject
Project("{8BC9CEB8-8B4A-11D0-8D11-00A0C91BC942}") = "1-4", "1-4\1-4.vcxproj", "{F750D3B3-668A-49E4-BFF7-D7A00135B580}"
EndProject
Global
	GlobalSection(SolutionConfigurationPlatforms) = preSolution
		Debug|x64 = Debug|x64
		Debug|x86 = Debug|x86
		Release|x64 = Release|x64
		Release|x86 = Release|x86
	EndGlobalSection
	GlobalSection(ProjectConfigurationPlatforms) = postSolution
		{E6E220FD-98B8-40ED-AD75-AE062E8E8C48}.Debug|x64.ActiveCfg = Debug|x64
		{E6E220FD-98B8-40ED-AD75-AE062E8E8C48}.Debug|x64.Build.0 = Debug|x64
		{E6E220FD-98B8-40ED-AD75-AE062E8E8C48}.Debug|x86.ActiveCfg = Debug|Win32
		{E6E220FD-98B8-40ED-AD75-AE062E8E8C48}.Debug|x86.Build.0 = Debug|Win32
		{E6E220FD-98B8-40ED-AD75-AE062E8E8C48}.Release|x64.ActiveCfg = Release|x64
		{E6E220FD-98B8-40ED-AD75-AE062E8E8C48}.Release|x64.Build.0 = Release|x64
		{E6E220FD-98B8-40ED-AD75-AE062E8E8C48}.Release|x86.ActiveCfg = Release|Win32
		{E6E220FD-98B8-40ED-AD75-AE062E8E8C48}.Release|x86.Build.0 = Release|Win32
		{8DCF83D2-8682-4522-953D-ED4F21CEC9D4}.Debug|x64.ActiveCfg = Debug|x64
		{8DCF83D2-8682-4522-953D-ED4F21CEC9D4}.Debug|x64.Build.0 = Debug|x64
		{8DCF83D2-8682-4522-953D-ED4F21CEC9D4}.Debug|x86.ActiveCfg = Debug|Win32
		{8DCF83D2-8682-4522-953D-ED4F21CEC9D4}.Debug|x86.Build.0 = Debug|Win32
		{8DCF83D2-8682-4522-953D-ED4F21CEC9D4}.Release|x64.ActiveCfg = Release|x64
		{8DCF83D2-8682-4522-953D-ED4F21CEC9D4}.Release|x64.Build.0 = Release|x64
		{8DCF83D2-8682-4522-953D-ED4F21CEC9D4}.Release|x86.ActiveCfg = Release|Win32
		{8DCF83D2-8682-4522-953D-ED4F21CEC9D4}.Release|x86.Build.0 = Release|Win32
		{9912F3A6-B1D0-4A6A-A6CB-A297B37409B7}.Debug|x64.ActiveCfg = Debug|x64
		{9912F3A6-B1D0-4A6A-A6CB-A297B37409B7}.Debug|x64.Build.0 = Debug|x64
		{9912F3A6-B1D0-4A6A-A6CB-A297B37409B7}.Debug|x86.ActiveCfg = Debug|Win32
		{9912F3A6-B1D0-4A6A-A6CB-A297B37409B7}.Debug|x86.Build.0 = Debug|Win32
		{9912F3A6-B1D0-4A6A-A6CB-A297B37409B7}.Release|x64.ActiveCfg = Release|x64
		{9912F3A6-B1D0-4A6A-A6CB-A297B37409B7}.Release|x64.Build.0 = Release|x64
		{9912F3A6-B1D0-4A6A-A6CB-A297B37409B7}.Release|x86.ActiveCfg = Release|Win32
		{9912F3A6-B1D0-4A6A-A6CB-A297B37409B7}.Release|x86.Build.0 = Release|Win32
		{2A50CD66-B74D-4D24-843F-6E626F61D38D}.Debug|x64.ActiveCfg = Debug|x64
		{2A50CD66-B74D-4D24-843F-6E626F61D38D}.Debug|x64.Build.0 = Debug|x64
		{2A50CD66-B74D-4D24-843F-6E626F61D38D}.Debug|x86.ActiveCfg = Debug|Win32
		{2A50CD66-B74D-4D24-843F-6E626F61D38D}.Debug|x86.Build.0 = Debug|Win32
		{2A50CD66-B74D-4D24-843F-6E626F61D38D}.Release|x64.ActiveCfg = Release|x64
		{2A50CD66-B74D-4D24-843F-6E626F61D38D}.Release|x64.Build.0 = Release|x64
		{2A50CD66-B74D-4D24-843F-6E626F61D38D}.Release|x86.ActiveCfg = Release|Win32
		{2A50CD66-B74D-4D24-843F-6E626F61D38D}.Release|x86.Build.0 = Release|Win32
		{F750D3B3-668A-49E4-BFF7-D7A00135B580}.Debug|x64.ActiveCfg = Debug|x64
		{F750D3B3-668A-49E4-BFF7-D7A00135B580}.Debug|x64.Build.0 = Debug|x64
		{F750D3B3-668A-49E4-BFF7-D7A00135B580}.Debug|x86.ActiveCfg = Debug|Win32
		{F750D3B3-668A-49E4-BFF7-D7A00135B580}.Debug|x86.Build.0 = Debug|Win32
		{F750D3B3-668A-49E4-BFF7-D7A00135B580}.Release|x64.ActiveCfg = Release|x64
		{F750D3B3-668A-49E4-BFF7-D7A00135B580}.Release|x64.Build.0 = Release|x64
		{F750D3B3-668A-49E4-BFF7-D7A00135B580}.Release|x86.ActiveCfg = Release|Win32
		{F750D3B3-668A-49E4-BFF7-D7A00135B580}.Release|x86.Build.0 = Release|Win32
	EndGlobalSection
	GlobalSection(SolutionProperties) = preSolution
		HideSolutionNode = FALSE
	EndGlobalSection
	GlobalSection(ExtensibilityGlobals) = postSolution
		SolutionGuid = {04538ADD-DD78-4117-9AAD-8657732792ED}
	EndGlobalSection
EndGlobal
